
Microsoft Visual Studio Solution File, Format Version 12.00
# Visual Studio Version 17
VisualStudioVersion = 17.8.34408.163
MinimumVisualStudioVersion = 10.0.40219.1
Project("{FAE04EC0-301F-11D3-BF4B-00C04F79EFBC}") = "Comp1551-Su24", "Comp1551-Su24.csproj", "{7D7E1D23-DF8E-42C0-8469-E849B89F4696}"
EndProject
Project("{FAE04EC0-301F-11D3-BF4B-00C04F79EFBC}") = "Lecture1", "..\Lecture1\Lecture1.csproj", "{0A270562-C053-4D51-A691-B39ED23787E1}"
EndProject
Global
	GlobalSection(SolutionConfigurationPlatforms) = preSolution
		Debug|Any CPU = Debug|Any CPU
		Release|Any CPU = Release|Any CPU
	EndGlobalSection
	GlobalSection(ProjectConfigurationPlatforms) = postSolution
		{7D7E1D23-DF8E-42C0-8469-E849B89F4696}.Debug|Any CPU.ActiveCfg = Debug|Any CPU
		{7D7E1D23-DF8E-42C0-8469-E849B89F4696}.Debug|Any CPU.Build.0 = Debug|Any CPU
		{7D7E1D23-DF8E-42C0-8469-E849B89F4696}.Release|Any CPU.ActiveCfg = Release|Any CPU
		{7D7E1D23-DF8E-42C0-8469-E849B89F4696}.Release|Any CPU.Build.0 = Release|Any CPU
		{0A270562-C053-4D51-A691-B39ED23787E1}.Debug|Any CPU.ActiveCfg = Debug|Any CPU
		{0A270562-C053-4D51-A691-B39ED23787E1}.Debug|Any CPU.Build.0 = Debug|Any CPU
		{0A270562-C053-4D51-A691-B39ED23787E1}.Release|Any CPU.ActiveCfg = Release|Any CPU
		{0A270562-C053-4D51-A691-B39ED23787E1}.Release|Any CPU.Build.0 = Release|Any CPU
	EndGlobalSection
	GlobalSection(SolutionProperties) = preSolution
		HideSolutionNode = FALSE
	EndGlobalSection
	GlobalSection(ExtensibilityGlobals) = postSolution
		SolutionGuid = {EC53D223-0C3C-4260-90FC-21432484B46E}
	EndGlobalSection
EndGlobal
